
Microsoft Visual Studio Solution File, Format Version 11.00
# Visual Studio 2010
Project("{FAE04EC0-301F-11D3-BF4B-00C04F79EFBC}") = "Assignment 1", "Assembly-CSharp.csproj", "{2053AA52-9BD7-9711-81A1-353CE4BF990B}"
EndProject
Project("{FAE04EC0-301F-11D3-BF4B-00C04F79EFBC}") = "Assignment 1", "Assembly-CSharp-Editor.csproj", "{125CA7F7-1AAB-8487-E580-09023138346C}"
EndProject
Global
	GlobalSection(SolutionConfigurationPlatforms) = preSolution
		Debug|Any CPU = Debug|Any CPU
		Release|Any CPU = Release|Any CPU
	EndGlobalSection
	GlobalSection(ProjectConfigurationPlatforms) = postSolution
		{2053AA52-9BD7-9711-81A1-353CE4BF990B}.Debug|Any CPU.ActiveCfg = Debug|Any CPU
		{2053AA52-9BD7-9711-81A1-353CE4BF990B}.Debug|Any CPU.Build.0 = Debug|Any CPU
		{2053AA52-9BD7-9711-81A1-353CE4BF990B}.Release|Any CPU.ActiveCfg = Release|Any CPU
		{2053AA52-9BD7-9711-81A1-353CE4BF990B}.Release|Any CPU.Build.0 = Release|Any CPU
		{125CA7F7-1AAB-8487-E580-09023138346C}.Debug|Any CPU.ActiveCfg = Debug|Any CPU
		{125CA7F7-1AAB-8487-E580-09023138346C}.Debug|Any CPU.Build.0 = Debug|Any CPU
		{125CA7F7-1AAB-8487-E580-09023138346C}.Release|Any CPU.ActiveCfg = Release|Any CPU
		{125CA7F7-1AAB-8487-E580-09023138346C}.Release|Any CPU.Build.0 = Release|Any CPU
	EndGlobalSection
	GlobalSection(SolutionProperties) = preSolution
		HideSolutionNode = FALSE
	EndGlobalSection
	GlobalSection(MonoDevelopProperties) = preSolution
		StartupItem = Assembly-CSharp.csproj
	EndGlobalSection
EndGlobal
